
Microsoft Visual Studio Solution File, Format Version 12.00
# Visual Studio Version 16
VisualStudioVersion = 16.0.31911.196
MinimumVisualStudioVersion = 10.0.40219.1
Project("{FAE04EC0-301F-11D3-BF4B-00C04F79EFBC}") = "WpfEx3", "WpfEx3\WpfEx3.csproj", "{1502CE6F-BE81-49AE-9F8A-419974807FE0}"
EndProject
Global
	GlobalSection(SolutionConfigurationPlatforms) = preSolution
		Debug|Any CPU = Debug|Any CPU
		Release|Any CPU = Release|Any CPU
	EndGlobalSection
	GlobalSection(ProjectConfigurationPlatforms) = postSolution
		{1502CE6F-BE81-49AE-9F8A-419974807FE0}.Debug|Any CPU.ActiveCfg = Debug|Any CPU
		{1502CE6F-BE81-49AE-9F8A-419974807FE0}.Debug|Any CPU.Build.0 = Debug|Any CPU
		{1502CE6F-BE81-49AE-9F8A-419974807FE0}.Release|Any CPU.ActiveCfg = Release|Any CPU
		{1502CE6F-BE81-49AE-9F8A-419974807FE0}.Release|Any CPU.Build.0 = Release|Any CPU
	EndGlobalSection
	GlobalSection(SolutionProperties) = preSolution
		HideSolutionNode = FALSE
	EndGlobalSection
	GlobalSection(ExtensibilityGlobals) = postSolution
		SolutionGuid = {7B6CADA4-68A4-4AB7-9833-6EA2111FB15A}
	EndGlobalSection
EndGlobal
